// !$*UTF8*$!
{
	archiveVersion = 1;
	classes = {
	};
	objectVersion = 50;
	objects = {

/* Begin PBXBuildFile section */
		7062E45024CA165A000B03E4 /* AppDelegate.swift in Sources */ = {isa = PBXBuildFile; fileRef = 7062E44F24CA165A000B03E4 /* AppDelegate.swift */; };
		7062E45224CA165A000B03E4 /* SceneDelegate.swift in Sources */ = {isa = PBXBuildFile; fileRef = 7062E45124CA165A000B03E4 /* SceneDelegate.swift */; };
		7062E45724CA165A000B03E4 /* Main.storyboard in Resources */ = {isa = PBXBuildFile; fileRef = 7062E45524CA165A000B03E4 /* Main.storyboard */; };
		7062E45A24CA165A000B03E4 /* weather.xcdatamodeld in Sources */ = {isa = PBXBuildFile; fileRef = 7062E45824CA165A000B03E4 /* weather.xcdatamodeld */; };
		7062E45C24CA165D000B03E4 /* Assets.xcassets in Resources */ = {isa = PBXBuildFile; fileRef = 7062E45B24CA165D000B03E4 /* Assets.xcassets */; };
		7062E45F24CA165D000B03E4 /* LaunchScreen.storyboard in Resources */ = {isa = PBXBuildFile; fileRef = 7062E45D24CA165D000B03E4 /* LaunchScreen.storyboard */; };
		7062E46A24CA165D000B03E4 /* weatherTests.swift in Sources */ = {isa = PBXBuildFile; fileRef = 7062E46924CA165D000B03E4 /* weatherTests.swift */; };
		7062E47524CA165D000B03E4 /* weatherUITests.swift in Sources */ = {isa = PBXBuildFile; fileRef = 7062E47424CA165D000B03E4 /* weatherUITests.swift */; };
		7062E48324CA2285000B03E4 /* WeatherViewController.swift in Sources */ = {isa = PBXBuildFile; fileRef = 7062E48224CA2285000B03E4 /* WeatherViewController.swift */; };
		7062E48824CA83DD000B03E4 /* WeatherModel.swift in Sources */ = {isa = PBXBuildFile; fileRef = 7062E48724CA83DD000B03E4 /* WeatherModel.swift */; };
		7062E48A24CA8714000B03E4 /* WeatherData.swift in Sources */ = {isa = PBXBuildFile; fileRef = 7062E48924CA8714000B03E4 /* WeatherData.swift */; };
		7062E48C24CA87D9000B03E4 /* WeatherManager.swift in Sources */ = {isa = PBXBuildFile; fileRef = 7062E48B24CA87D9000B03E4 /* WeatherManager.swift */; };
		70B68DC224E6FC35006180A8 /* DetailViewController.swift in Sources */ = {isa = PBXBuildFile; fileRef = 70B68DC124E6FC35006180A8 /* DetailViewController.swift */; };
/* End PBXBuildFile section */

/* Begin PBXContainerItemProxy section */
		7062E46624CA165D000B03E4 /* PBXContainerItemProxy */ = {
			isa = PBXContainerItemProxy;
			containerPortal = 7062E44424CA165A000B03E4 /* Project object */;
			proxyType = 1;
			remoteGlobalIDString = 7062E44B24CA165A000B03E4;
			remoteInfo = weather;
		};
		7062E47124CA165D000B03E4 /* PBXContainerItemProxy */ = {
			isa = PBXContainerItemProxy;
			containerPortal = 7062E44424CA165A000B03E4 /* Project object */;
			proxyType = 1;
			remoteGlobalIDString = 7062E44B24CA165A000B03E4;
			remoteInfo = weather;
		};
/* End PBXContainerItemProxy section */

/* Begin PBXFileReference section */
		7062E44C24CA165A000B03E4 /* weather.app */ = {isa = PBXFileReference; explicitFileType = wrapper.application; includeInIndex = 0; path = weather.app; sourceTree = BUILT_PRODUCTS_DIR; };
		7062E44F24CA165A000B03E4 /* AppDelegate.swift */ = {isa = PBXFileReference; lastKnownFileType = sourcecode.swift; path = AppDelegate.swift; sourceTree = "<group>"; };
		7062E45124CA165A000B03E4 /* SceneDelegate.swift */ = {isa = PBXFileReference; lastKnownFileType = sourcecode.swift; path = SceneDelegate.swift; sourceTree = "<group>"; };
		7062E45624CA165A000B03E4 /* Base */ = {isa = PBXFileReference; lastKnownFileType = file.storyboard; name = Base; path = Base.lproj/Main.storyboard; sourceTree = "<group>"; };
		7062E45924CA165A000B03E4 /* weather.xcdatamodel */ = {isa = PBXFileReference; lastKnownFileType = wrapper.xcdatamodel; path = weather.xcdatamodel; sourceTree = "<group>"; };
		7062E45B24CA165D000B03E4 /* Assets.xcassets */ = {isa = PBXFileReference; lastKnownFileType = folder.assetcatalog; path = Assets.xcassets; sourceTree = "<group>"; };
		7062E45E24CA165D000B03E4 /* Base */ = {isa = PBXFileReference; lastKnownFileType = file.storyboard; name = Base; path = Base.lproj/LaunchScreen.storyboard; sourceTree = "<group>"; };
		7062E46024CA165D000B03E4 /* Info.plist */ = {isa = PBXFileReference; lastKnownFileType = text.plist.xml; path = Info.plist; sourceTree = "<group>"; };
		7062E46524CA165D000B03E4 /* weatherTests.xctest */ = {isa = PBXFileReference; explicitFileType = wrapper.cfbundle; includeInIndex = 0; path = weatherTests.xctest; sourceTree = BUILT_PRODUCTS_DIR; };
		7062E46924CA165D000B03E4 /* weatherTests.swift */ = {isa = PBXFileReference; lastKnownFileType = sourcecode.swift; path = weatherTests.swift; sourceTree = "<group>"; };
		7062E46B24CA165D000B03E4 /* Info.plist */ = {isa = PBXFileReference; lastKnownFileType = text.plist.xml; path = Info.plist; sourceTree = "<group>"; };
		7062E47024CA165D000B03E4 /* weatherUITests.xctest */ = {isa = PBXFileReference; explicitFileType = wrapper.cfbundle; includeInIndex = 0; path = weatherUITests.xctest; sourceTree = BUILT_PRODUCTS_DIR; };
		7062E47424CA165D000B03E4 /* weatherUITests.swift */ = {isa = PBXFileReference; lastKnownFileType = sourcecode.swift; path = weatherUITests.swift; sourceTree = "<group>"; };
		7062E47624CA165D000B03E4 /* Info.plist */ = {isa = PBXFileReference; lastKnownFileType = text.plist.xml; path = Info.plist; sourceTree = "<group>"; };
		7062E48224CA2285000B03E4 /* WeatherViewController.swift */ = {isa = PBXFileReference; lastKnownFileType = sourcecode.swift; path = WeatherViewController.swift; sourceTree = "<group>"; };
		7062E48724CA83DD000B03E4 /* WeatherModel.swift */ = {isa = PBXFileReference; lastKnownFileType = sourcecode.swift; path = WeatherModel.swift; sourceTree = "<group>"; };
		7062E48924CA8714000B03E4 /* WeatherData.swift */ = {isa = PBXFileReference; lastKnownFileType = sourcecode.swift; path = WeatherData.swift; sourceTree = "<group>"; };
		7062E48B24CA87D9000B03E4 /* WeatherManager.swift */ = {isa = PBXFileReference; lastKnownFileType = sourcecode.swift; path = WeatherManager.swift; sourceTree = "<group>"; };
		70B68DC124E6FC35006180A8 /* DetailViewController.swift */ = {isa = PBXFileReference; lastKnownFileType = sourcecode.swift; path = DetailViewController.swift; sourceTree = "<group>"; };
/* End PBXFileReference section */

/* Begin PBXFrameworksBuildPhase section */
		7062E44924CA165A000B03E4 /* Frameworks */ = {
			isa = PBXFrameworksBuildPhase;
			buildActionMask = 2147483647;
			files = (
			);
			runOnlyForDeploymentPostprocessing = 0;
		};
		7062E46224CA165D000B03E4 /* Frameworks */ = {
			isa = PBXFrameworksBuildPhase;
			buildActionMask = 2147483647;
			files = (
			);
			runOnlyForDeploymentPostprocessing = 0;
		};
		7062E46D24CA165D000B03E4 /* Frameworks */ = {
			isa = PBXFrameworksBuildPhase;
			buildActionMask = 2147483647;
			files = (
			);
			runOnlyForDeploymentPostprocessing = 0;
		};
/* End PBXFrameworksBuildPhase section */

/* Begin PBXGroup section */
		7062E44324CA165A000B03E4 = {
			isa = PBXGroup;
			children = (
				7062E44E24CA165A000B03E4 /* weather */,
				7062E46824CA165D000B03E4 /* weatherTests */,
				7062E47324CA165D000B03E4 /* weatherUITests */,
				7062E44D24CA165A000B03E4 /* Products */,
			);
			sourceTree = "<group>";
		};
		7062E44D24CA165A000B03E4 /* Products */ = {
			isa = PBXGroup;
			children = (
				7062E44C24CA165A000B03E4 /* weather.app */,
				7062E46524CA165D000B03E4 /* weatherTests.xctest */,
				7062E47024CA165D000B03E4 /* weatherUITests.xctest */,
			);
			name = Products;
			sourceTree = "<group>";
		};
		7062E44E24CA165A000B03E4 /* weather */ = {
			isa = PBXGroup;
			children = (
				7062E44F24CA165A000B03E4 /* AppDelegate.swift */,
				7062E45124CA165A000B03E4 /* SceneDelegate.swift */,
				7062E48424CA23D4000B03E4 /* Model */,
				7062E48524CA23DC000B03E4 /* View */,
				7062E48624CA23E8000B03E4 /* Controller */,
				7062E45B24CA165D000B03E4 /* Assets.xcassets */,
				7062E45D24CA165D000B03E4 /* LaunchScreen.storyboard */,
				7062E46024CA165D000B03E4 /* Info.plist */,
				7062E45824CA165A000B03E4 /* weather.xcdatamodeld */,
			);
			path = weather;
			sourceTree = "<group>";
		};
		7062E46824CA165D000B03E4 /* weatherTests */ = {
			isa = PBXGroup;
			children = (
				7062E46924CA165D000B03E4 /* weatherTests.swift */,
				7062E46B24CA165D000B03E4 /* Info.plist */,
			);
			path = weatherTests;
			sourceTree = "<group>";
		};
		7062E47324CA165D000B03E4 /* weatherUITests */ = {
			isa = PBXGroup;
			children = (
				7062E47424CA165D000B03E4 /* weatherUITests.swift */,
				7062E47624CA165D000B03E4 /* Info.plist */,
			);
			path = weatherUITests;
			sourceTree = "<group>";
		};
		7062E48424CA23D4000B03E4 /* Model */ = {
			isa = PBXGroup;
			children = (
				7062E48724CA83DD000B03E4 /* WeatherModel.swift */,
				7062E48924CA8714000B03E4 /* WeatherData.swift */,
				7062E48B24CA87D9000B03E4 /* WeatherManager.swift */,
			);
			path = Model;
			sourceTree = "<group>";
		};
		7062E48524CA23DC000B03E4 /* View */ = {
			isa = PBXGroup;
			children = (
				7062E45524CA165A000B03E4 /* Main.storyboard */,
			);
			path = View;
			sourceTree = "<group>";
		};
		7062E48624CA23E8000B03E4 /* Controller */ = {
			isa = PBXGroup;
			children = (
				7062E48224CA2285000B03E4 /* WeatherViewController.swift */,
				70B68DC124E6FC35006180A8 /* DetailViewController.swift */,
			);
			path = Controller;
			sourceTree = "<group>";
		};
/* End PBXGroup section */

/* Begin PBXNativeTarget section */
		7062E44B24CA165A000B03E4 /* weather */ = {
			isa = PBXNativeTarget;
			buildConfigurationList = 7062E47924CA165D000B03E4 /* Build configuration list for PBXNativeTarget "weather" */;
			buildPhases = (
				7062E44824CA165A000B03E4 /* Sources */,
				7062E44924CA165A000B03E4 /* Frameworks */,
				7062E44A24CA165A000B03E4 /* Resources */,
			);
			buildRules = (
			);
			dependencies = (
			);
			name = weather;
			productName = weather;
			productReference = 7062E44C24CA165A000B03E4 /* weather.app */;
			productType = "com.apple.product-type.application";
		};
		7062E46424CA165D000B03E4 /* weatherTests */ = {
			isa = PBXNativeTarget;
			buildConfigurationList = 7062E47C24CA165D000B03E4 /* Build configuration list for PBXNativeTarget "weatherTests" */;
			buildPhases = (
				7062E46124CA165D000B03E4 /* Sources */,
				7062E46224CA165D000B03E4 /* Frameworks */,
				7062E46324CA165D000B03E4 /* Resources */,
			);
			buildRules = (
			);
			dependencies = (
				7062E46724CA165D000B03E4 /* PBXTargetDependency */,
			);
			name = weatherTests;
			productName = weatherTests;
			productReference = 7062E46524CA165D000B03E4 /* weatherTests.xctest */;
			productType = "com.apple.product-type.bundle.unit-test";
		};
		7062E46F24CA165D000B03E4 /* weatherUITests */ = {
			isa = PBXNativeTarget;
			buildConfigurationList = 7062E47F24CA165D000B03E4 /* Build configuration list for PBXNativeTarget "weatherUITests" */;
			buildPhases = (
				7062E46C24CA165D000B03E4 /* Sources */,
				7062E46D24CA165D000B03E4 /* Frameworks */,
				7062E46E24CA165D000B03E4 /* Resources */,
			);
			buildRules = (
			);
			dependencies = (
				7062E47224CA165D000B03E4 /* PBXTargetDependency */,
			);
			name = weatherUITests;
			productName = weatherUITests;
			productReference = 7062E47024CA165D000B03E4 /* weatherUITests.xctest */;
			productType = "com.apple.product-type.bundle.ui-testing";
		};
/* End PBXNativeTarget section */

/* Begin PBXProject section */
		7062E44424CA165A000B03E4 /* Project object */ = {
			isa = PBXProject;
			attributes = {
				LastSwiftUpdateCheck = 1150;
				LastUpgradeCheck = 1150;
				ORGANIZATIONNAME = "Swamita Gupta";
				TargetAttributes = {
					7062E44B24CA165A000B03E4 = {
						CreatedOnToolsVersion = 11.5;
					};
					7062E46424CA165D000B03E4 = {
						CreatedOnToolsVersion = 11.5;
						TestTargetID = 7062E44B24CA165A000B03E4;
					};
					7062E46F24CA165D000B03E4 = {
						CreatedOnToolsVersion = 11.5;
						TestTargetID = 7062E44B24CA165A000B03E4;
					};
				};
			};
			buildConfigurationList = 7062E44724CA165A000B03E4 /* Build configuration list for PBXProject "weather" */;
			compatibilityVersion = "Xcode 9.3";
			developmentRegion = en;
			hasScannedForEncodings = 0;
			knownRegions = (
				en,
				Base,
			);
			mainGroup = 7062E44324CA165A000B03E4;
			productRefGroup = 7062E44D24CA165A000B03E4 /* Products */;
			projectDirPath = "";
			projectRoot = "";
			targets = (
				7062E44B24CA165A000B03E4 /* weather */,
				7062E46424CA165D000B03E4 /* weatherTests */,
				7062E46F24CA165D000B03E4 /* weatherUITests */,
			);
		};
/* End PBXProject section */

/* Begin PBXResourcesBuildPhase section */
		7062E44A24CA165A000B03E4 /* Resources */ = {
			isa = PBXResourcesBuildPhase;
			buildActionMask = 2147483647;
			files = (
				7062E45F24CA165D000B03E4 /* LaunchScreen.storyboard in Resources */,
				7062E45C24CA165D000B03E4 /* Assets.xcassets in Resources */,
				7062E45724CA165A000B03E4 /* Main.storyboard in Resources */,
			);
			runOnlyForDeploymentPostprocessing = 0;
		};
		7062E46324CA165D000B03E4 /* Resources */ = {
			isa = PBXResourcesBuildPhase;
			buildActionMask = 2147483647;
			files = (
			);
			runOnlyForDeploymentPostprocessing = 0;
		};
		7062E46E24CA165D000B03E4 /* Resources */ = {
			isa = PBXResourcesBuildPhase;
			buildActionMask = 2147483647;
			files = (
			);
			runOnlyForDeploymentPostprocessing = 0;
		};
/* End PBXResourcesBuildPhase section */

/* Begin PBXSourcesBuildPhase section */
		7062E44824CA165A000B03E4 /* Sources */ = {
			isa = PBXSourcesBuildPhase;
			buildActionMask = 2147483647;
			files = (
				7062E45A24CA165A000B03E4 /* weather.xcdatamodeld in Sources */,
				7062E48324CA2285000B03E4 /* WeatherViewController.swift in Sources */,
				7062E45024CA165A000B03E4 /* AppDelegate.swift in Sources */,
				7062E48C24CA87D9000B03E4 /* WeatherManager.swift in Sources */,
				7062E45224CA165A000B03E4 /* SceneDelegate.swift in Sources */,
				7062E48A24CA8714000B03E4 /* WeatherData.swift in Sources */,
				7062E48824CA83DD000B03E4 /* WeatherModel.swift in Sources */,
				70B68DC224E6FC35006180A8 /* DetailViewController.swift in Sources */,
			);
			runOnlyForDeploymentPostprocessing = 0;
		};
		7062E46124CA165D000B03E4 /* Sources */ = {
			isa = PBXSourcesBuildPhase;
			buildActionMask = 2147483647;
			files = (
				7062E46A24CA165D000B03E4 /* weatherTests.swift in Sources */,
			);
			runOnlyForDeploymentPostprocessing = 0;
		};
		7062E46C24CA165D000B03E4 /* Sources */ = {
			isa = PBXSourcesBuildPhase;
			buildActionMask = 2147483647;
			files = (
				7062E47524CA165D000B03E4 /* weatherUITests.swift in Sources */,
			);
			runOnlyForDeploymentPostprocessing = 0;
		};
/* End PBXSourcesBuildPhase section */

/* Begin PBXTargetDependency section */
		7062E46724CA165D000B03E4 /* PBXTargetDependency */ = {
			isa = PBXTargetDependency;
			target = 7062E44B24CA165A000B03E4 /* weather */;
			targetProxy = 7062E46624CA165D000B03E4 /* PBXContainerItemProxy */;
		};
		7062E47224CA165D000B03E4 /* PBXTargetDependency */ = {
			isa = PBXTargetDependency;
			target = 7062E44B24CA165A000B03E4 /* weather */;
			targetProxy = 7062E47124CA165D000B03E4 /* PBXContainerItemProxy */;
		};
/* End PBXTargetDependency section */

/* Begin PBXVariantGroup section */
		7062E45524CA165A000B03E4 /* Main.storyboard */ = {
			isa = PBXVariantGroup;
			children = (
				7062E45624CA165A000B03E4 /* Base */,
			);
			name = Main.storyboard;
			sourceTree = "<group>";
		};
		7062E45D24CA165D000B03E4 /* LaunchScreen.storyboard */ = {
			isa = PBXVariantGroup;
			children = (
				7062E45E24CA165D000B03E4 /* Base */,
			);
			name = LaunchScreen.storyboard;
			sourceTree = "<group>";
		};
/* End PBXVariantGroup section */

/* Begin XCBuildConfiguration section */
		7062E47724CA165D000B03E4 /* Debug */ = {
			isa = XCBuildConfiguration;
			buildSettings = {
				ALWAYS_SEARCH_USER_PATHS = NO;
				CLANG_ANALYZER_NONNULL = YES;
				CLANG_ANALYZER_NUMBER_OBJECT_CONVERSION = YES_AGGRESSIVE;
				CLANG_CXX_LANGUAGE_STANDARD = "gnu++14";
				CLANG_CXX_LIBRARY = "libc++";
				CLANG_ENABLE_MODULES = YES;
				CLANG_ENABLE_OBJC_ARC = YES;
				CLANG_ENABLE_OBJC_WEAK = YES;
				CLANG_WARN_BLOCK_CAPTURE_AUTORELEASING = YES;
				CLANG_WARN_BOOL_CONVERSION = YES;
				CLANG_WARN_COMMA = YES;
				CLANG_WARN_CONSTANT_CONVERSION = YES;
				CLANG_WARN_DEPRECATED_OBJC_IMPLEMENTATIONS = YES;
				CLANG_WARN_DIRECT_OBJC_ISA_USAGE = YES_ERROR;
				CLANG_WARN_DOCUMENTATION_COMMENTS = YES;
				CLANG_WARN_EMPTY_BODY = YES;
				CLANG_WARN_ENUM_CONVERSION = YES;
				CLANG_WARN_INFINITE_RECURSION = YES;
				CLANG_WARN_INT_CONVERSION = YES;
				CLANG_WARN_NON_LITERAL_NULL_CONVERSION = YES;
				CLANG_WARN_OBJC_IMPLICIT_RETAIN_SELF = YES;
				CLANG_WARN_OBJC_LITERAL_CONVERSION = YES;
				CLANG_WARN_OBJC_ROOT_CLASS = YES_ERROR;
				CLANG_WARN_RANGE_LOOP_ANALYSIS = YES;
				CLANG_WARN_STRICT_PROTOTYPES = YES;
				CLANG_WARN_SUSPICIOUS_MOVE = YES;
				CLANG_WARN_UNGUARDED_AVAILABILITY = YES_AGGRESSIVE;
				CLANG_WARN_UNREACHABLE_CODE = YES;
				CLANG_WARN__DUPLICATE_METHOD_MATCH = YES;
				COPY_PHASE_STRIP = NO;
				DEBUG_INFORMATION_FORMAT = dwarf;
				ENABLE_STRICT_OBJC_MSGSEND = YES;
				ENABLE_TESTABILITY = YES;
				GCC_C_LANGUAGE_STANDARD = gnu11;
				GCC_DYNAMIC_NO_PIC = NO;
				GCC_NO_COMMON_BLOCKS = YES;
				GCC_OPTIMIZATION_LEVEL = 0;
				GCC_PREPROCESSOR_DEFINITIONS = (
					"DEBUG=1",
					"$(inherited)",
				);
				GCC_WARN_64_TO_32_BIT_CONVERSION = YES;
				GCC_WARN_ABOUT_RETURN_TYPE = YES_ERROR;
				GCC_WARN_UNDECLARED_SELECTOR = YES;
				GCC_WARN_UNINITIALIZED_AUTOS = YES_AGGRESSIVE;
				GCC_WARN_UNUSED_FUNCTION = YES;
				GCC_WARN_UNUSED_VARIABLE = YES;
				IPHONEOS_DEPLOYMENT_TARGET = 13.5;
				MTL_ENABLE_DEBUG_INFO = INCLUDE_SOURCE;
				MTL_FAST_MATH = YES;
				ONLY_ACTIVE_ARCH = YES;
				SDKROOT = iphoneos;
				SWIFT_ACTIVE_COMPILATION_CONDITIONS = DEBUG;
				SWIFT_OPTIMIZATION_LEVEL = "-Onone";
			};
			name = Debug;
		};
		7062E47824CA165D000B03E4 /* Release */ = {
			isa = XCBuildConfiguration;
			buildSettings = {
				ALWAYS_SEARCH_USER_PATHS = NO;
				CLANG_ANALYZER_NONNULL = YES;
				CLANG_ANALYZER_NUMBER_OBJECT_CONVERSION = YES_AGGRESSIVE;
				CLANG_CXX_LANGUAGE_STANDARD = "gnu++14";
				CLANG_CXX_LIBRARY = "libc++";
				CLANG_ENABLE_MODULES = YES;
				CLANG_ENABLE_OBJC_ARC = YES;
				CLANG_ENABLE_OBJC_WEAK = YES;
				CLANG_WARN_BLOCK_CAPTURE_AUTORELEASING = YES;
				CLANG_WARN_BOOL_CONVERSION = YES;
				CLANG_WARN_COMMA = YES;
				CLANG_WARN_CONSTANT_CONVERSION = YES;
				CLANG_WARN_DEPRECATED_OBJC_IMPLEMENTATIONS = YES;
				CLANG_WARN_DIRECT_OBJC_ISA_USAGE = YES_ERROR;
				CLANG_WARN_DOCUMENTATION_COMMENTS = YES;
				CLANG_WARN_EMPTY_BODY = YES;
				CLANG_WARN_ENUM_CONVERSION = YES;
				CLANG_WARN_INFINITE_RECURSION = YES;
				CLANG_WARN_INT_CONVERSION = YES;
				CLANG_WARN_NON_LITERAL_NULL_CONVERSION = YES;
				CLANG_WARN_OBJC_IMPLICIT_RETAIN_SELF = YES;
				CLANG_WARN_OBJC_LITERAL_CONVERSION = YES;
				CLANG_WARN_OBJC_ROOT_CLASS = YES_ERROR;
				CLANG_WARN_RANGE_LOOP_ANALYSIS = YES;
				CLANG_WARN_STRICT_PROTOTYPES = YES;
				CLANG_WARN_SUSPICIOUS_MOVE = YES;
				CLANG_WARN_UNGUARDED_AVAILABILITY = YES_AGGRESSIVE;
				CLANG_WARN_UNREACHABLE_CODE = YES;
				CLANG_WARN__DUPLICATE_METHOD_MATCH = YES;
				COPY_PHASE_STRIP = NO;
				DEBUG_INFORMATION_FORMAT = "dwarf-with-dsym";
				ENABLE_NS_ASSERTIONS = NO;
				ENABLE_STRICT_OBJC_MSGSEND = YES;
				GCC_C_LANGUAGE_STANDARD = gnu11;
				GCC_NO_COMMON_BLOCKS = YES;
				GCC_WARN_64_TO_32_BIT_CONVERSION = YES;
				GCC_WARN_ABOUT_RETURN_TYPE = YES_ERROR;
				GCC_WARN_UNDECLARED_SELECTOR = YES;
				GCC_WARN_UNINITIALIZED_AUTOS = YES_AGGRESSIVE;
				GCC_WARN_UNUSED_FUNCTION = YES;
				GCC_WARN_UNUSED_VARIABLE = YES;
				IPHONEOS_DEPLOYMENT_TARGET = 13.5;
				MTL_ENABLE_DEBUG_INFO = NO;
				MTL_FAST_MATH = YES;
				SDKROOT = iphoneos;
				SWIFT_COMPILATION_MODE = wholemodule;
				SWIFT_OPTIMIZATION_LEVEL = "-O";
				VALIDATE_PRODUCT = YES;
			};
			name = Release;
		};
		7062E47A24CA165D000B03E4 /* Debug */ = {
			isa = XCBuildConfiguration;
			buildSettings = {
				ASSETCATALOG_COMPILER_APPICON_NAME = AppIcon;
				CODE_SIGN_STYLE = Automatic;
				DEVELOPMENT_TEAM = C35DR2MHM7;
				INFOPLIST_FILE = weather/Info.plist;
				IPHONEOS_DEPLOYMENT_TARGET = 13.5;
				LD_RUNPATH_SEARCH_PATHS = (
					"$(inherited)",
					"@executable_path/Frameworks",
				);
				PRODUCT_BUNDLE_IDENTIFIER = com.swams.weather;
				PRODUCT_NAME = "$(TARGET_NAME)";
				SWIFT_VERSION = 5.0;
				TARGETED_DEVICE_FAMILY = "1,2";
			};
			name = Debug;
		};
		7062E47B24CA165D000B03E4 /* Release */ = {
			isa = XCBuildConfiguration;
			buildSettings = {
				ASSETCATALOG_COMPILER_APPICON_NAME = AppIcon;
				CODE_SIGN_STYLE = Automatic;
				DEVELOPMENT_TEAM = C35DR2MHM7;
				INFOPLIST_FILE = weather/Info.plist;
				IPHONEOS_DEPLOYMENT_TARGET = 13.5;
				LD_RUNPATH_SEARCH_PATHS = (
					"$(inherited)",
					"@executable_path/Frameworks",
				);
				PRODUCT_BUNDLE_IDENTIFIER = com.swams.weather;
				PRODUCT_NAME = "$(TARGET_NAME)";
				SWIFT_VERSION = 5.0;
				TARGETED_DEVICE_FAMILY = "1,2";
			};
			name = Release;
		};
		7062E47D24CA165D000B03E4 /* Debug */ = {
			isa = XCBuildConfiguration;
			buildSettings = {
				ALWAYS_EMBED_SWIFT_STANDARD_LIBRARIES = YES;
				BUNDLE_LOADER = "$(TEST_HOST)";
				CODE_SIGN_STYLE = Automatic;
				DEVELOPMENT_TEAM = C35DR2MHM7;
				INFOPLIST_FILE = weatherTests/Info.plist;
				IPHONEOS_DEPLOYMENT_TARGET = 13.5;
				LD_RUNPATH_SEARCH_PATHS = (
					"$(inherited)",
					"@executable_path/Frameworks",
					"@loader_path/Frameworks",
				);
				PRODUCT_BUNDLE_IDENTIFIER = com.swams.weatherTests;
				PRODUCT_NAME = "$(TARGET_NAME)";
				SWIFT_VERSION = 5.0;
				TARGETED_DEVICE_FAMILY = "1,2";
				TEST_HOST = "$(BUILT_PRODUCTS_DIR)/weather.app/weather";
			};
			name = Debug;
		};
		7062E47E24CA165D000B03E4 /* Release */ = {
			isa = XCBuildConfiguration;
			buildSettings = {
				ALWAYS_EMBED_SWIFT_STANDARD_LIBRARIES = YES;
				BUNDLE_LOADER = "$(TEST_HOST)";
				CODE_SIGN_STYLE = Automatic;
				DEVELOPMENT_TEAM = C35DR2MHM7;
				INFOPLIST_FILE = weatherTests/Info.plist;
				IPHONEOS_DEPLOYMENT_TARGET = 13.5;
				LD_RUNPATH_SEARCH_PATHS = (
					"$(inherited)",
					"@executable_path/Frameworks",
					"@loader_path/Frameworks",
				);
				PRODUCT_BUNDLE_IDENTIFIER = com.swams.weatherTests;
				PRODUCT_NAME = "$(TARGET_NAME)";
				SWIFT_VERSION = 5.0;
				TARGETED_DEVICE_FAMILY = "1,2";
				TEST_HOST = "$(BUILT_PRODUCTS_DIR)/weather.app/weather";
			};
			name = Release;
		};
		7062E48024CA165D000B03E4 /* Debug */ = {
			isa = XCBuildConfiguration;
			buildSettings = {
				ALWAYS_EMBED_SWIFT_STANDARD_LIBRARIES = YES;
				CODE_SIGN_STYLE = Automatic;
				DEVELOPMENT_TEAM = C35DR2MHM7;
				INFOPLIST_FILE = weatherUITests/Info.plist;
				LD_RUNPATH_SEARCH_PATHS = (
					"$(inherited)",
					"@executable_path/Frameworks",
					"@loader_path/Frameworks",
				);
				PRODUCT_BUNDLE_IDENTIFIER = com.swams.weatherUITests;
				PRODUCT_NAME = "$(TARGET_NAME)";
				SWIFT_VERSION = 5.0;
				TARGETED_DEVICE_FAMILY = "1,2";
				TEST_TARGET_NAME = weather;
			};
			name = Debug;
		};
		7062E48124CA165D000B03E4 /* Release */ = {
			isa = XCBuildConfiguration;
			buildSettings = {
				ALWAYS_EMBED_SWIFT_STANDARD_LIBRARIES = YES;
				CODE_SIGN_STYLE = Automatic;
				DEVELOPMENT_TEAM = C35DR2MHM7;
				INFOPLIST_FILE = weatherUITests/Info.plist;
				LD_RUNPATH_SEARCH_PATHS = (
					"$(inherited)",
					"@executable_path/Frameworks",
					"@loader_path/Frameworks",
				);
				PRODUCT_BUNDLE_IDENTIFIER = com.swams.weatherUITests;
				PRODUCT_NAME = "$(TARGET_NAME)";
				SWIFT_VERSION = 5.0;
				TARGETED_DEVICE_FAMILY = "1,2";
				TEST_TARGET_NAME = weather;
			};
			name = Release;
		};
/* End XCBuildConfiguration section */

/* Begin XCConfigurationList section */
		7062E44724CA165A000B03E4 /* Build configuration list for PBXProject "weather" */ = {
			isa = XCConfigurationList;
			buildConfigurations = (
				7062E47724CA165D000B03E4 /* Debug */,
				7062E47824CA165D000B03E4 /* Release */,
			);
			defaultConfigurationIsVisible = 0;
			defaultConfigurationName = Release;
		};
		7062E47924CA165D000B03E4 /* Build configuration list for PBXNativeTarget "weather" */ = {
			isa = XCConfigurationList;
			buildConfigurations = (
				7062E47A24CA165D000B03E4 /* Debug */,
				7062E47B24CA165D000B03E4 /* Release */,
			);
			defaultConfigurationIsVisible = 0;
			defaultConfigurationName = Release;
		};
		7062E47C24CA165D000B03E4 /* Build configuration list for PBXNativeTarget "weatherTests" */ = {
			isa = XCConfigurationList;
			buildConfigurations = (
				7062E47D24CA165D000B03E4 /* Debug */,
				7062E47E24CA165D000B03E4 /* Release */,
			);
			defaultConfigurationIsVisible = 0;
			defaultConfigurationName = Release;
		};
		7062E47F24CA165D000B03E4 /* Build configuration list for PBXNativeTarget "weatherUITests" */ = {
			isa = XCConfigurationList;
			buildConfigurations = (
				7062E48024CA165D000B03E4 /* Debug */,
				7062E48124CA165D000B03E4 /* Release */,
			);
			defaultConfigurationIsVisible = 0;
			defaultConfigurationName = Release;
		};
/* End XCConfigurationList section */

/* Begin XCVersionGroup section */
		7062E45824CA165A000B03E4 /* weather.xcdatamodeld */ = {
			isa = XCVersionGroup;
			children = (
				7062E45924CA165A000B03E4 /* weather.xcdatamodel */,
			);
			currentVersion = 7062E45924CA165A000B03E4 /* weather.xcdatamodel */;
			path = weather.xcdatamodeld;
			sourceTree = "<group>";
			versionGroupType = wrapper.xcdatamodel;
		};
/* End XCVersionGroup section */
	};
	rootObject = 7062E44424CA165A000B03E4 /* Project object */;
}
